{
    "_readme": [
        "This file locks the dependencies of your project to a known state",
        "Read more about it at https://getcomposer.org/doc/01-basic-usage.md#installing-dependencies",
        "This file is @generated automatically"
    ],
    "content-hash": "2ad3bcbe7c74dc745704b7b06c9f5d2e",
    "packages": [
        {
            "name": "sendpulse/rest-api",
            "version": "1.0.24",
            "source": {
                "type": "git",
                "url": "https://github.com/sendpulse/sendpulse-rest-api-php.git",
                "reference": "5b9b25f9543e66586cf91452a2eea1989e0e6ea2"
            },
            "dist": {
                "type": "zip",
                "url": "https://api.github.com/repos/sendpulse/sendpulse-rest-api-php/zipball/5b9b25f9543e66586cf91452a2eea1989e0e6ea2",
                "reference": "5b9b25f9543e66586cf91452a2eea1989e0e6ea2",
                "shasum": ""
            },
            "require": {
                "php": ">=5.4.0"
            },
            "type": "library",
            "autoload": {
                "psr-4": {
                    "Sendpulse\\RestApi\\": "src/"
                }
            },
            "notification-url": "https://packagist.org/downloads/",
            "license": [
                "MIT"
            ],
            "authors": [
                {
                    "name": "Maksym Ustymenko",
                    "email": "m.ustymenko@sendpulse.com"
                },
                {
                    "name": "Alexey Moroz",
                    "email": "a.moroz@sendpulse.com"
                }
            ],
            "description": "Sendpulse REST API client library",
            "keywords": [
                "api",
                "rest",
                "sendpulse"
            ],
            "time": "2021-07-01T08:55:02+00:00"
        }
    ],
    "packages-dev": [],
    "aliases": [],
    "minimum-stability": "stable",
    "stability-flags": [],
    "prefer-stable": false,
    "prefer-lowest": false,
    "platform": [],
    "platform-dev": [],
    "plugin-api-version": "1.1.0"
}
